// !$*UTF8*$!
{
	archiveVersion = 1;
	classes = {
	};
	objectVersion = 77;
	objects = {

/* Begin PBXContainerItemProxy section */
		CB4E00622CC1C606008DC8D5 /* PBXContainerItemProxy */ = {
			isa = PBXContainerItemProxy;
			containerPortal = CB4E00492CC1C604008DC8D5 /* Project object */;
			proxyType = 1;
			remoteGlobalIDString = CB4E00502CC1C604008DC8D5;
			remoteInfo = FetchIOS;
		};
		CB4E006C2CC1C606008DC8D5 /* PBXContainerItemProxy */ = {
			isa = PBXContainerItemProxy;
			containerPortal = CB4E00492CC1C604008DC8D5 /* Project object */;
			proxyType = 1;
			remoteGlobalIDString = CB4E00502CC1C604008DC8D5;
			remoteInfo = FetchIOS;
		};
/* End PBXContainerItemProxy section */

/* Begin PBXFileReference section */
		CB4E00512CC1C604008DC8D5 /* FetchIOS.app */ = {isa = PBXFileReference; explicitFileType = wrapper.application; includeInIndex = 0; path = FetchIOS.app; sourceTree = BUILT_PRODUCTS_DIR; };
		CB4E00612CC1C606008DC8D5 /* FetchIOSTests.xctest */ = {isa = PBXFileReference; explicitFileType = wrapper.cfbundle; includeInIndex = 0; path = FetchIOSTests.xctest; sourceTree = BUILT_PRODUCTS_DIR; };
		CB4E006B2CC1C606008DC8D5 /* FetchIOSUITests.xctest */ = {isa = PBXFileReference; explicitFileType = wrapper.cfbundle; includeInIndex = 0; path = FetchIOSUITests.xctest; sourceTree = BUILT_PRODUCTS_DIR; };
/* End PBXFileReference section */

/* Begin PBXFileSystemSynchronizedRootGroup section */
		CB4E00532CC1C604008DC8D5 /* FetchIOS */ = {
			isa = PBXFileSystemSynchronizedRootGroup;
			path = FetchIOS;
			sourceTree = "<group>";
		};
		CB4E00642CC1C606008DC8D5 /* FetchIOSTests */ = {
			isa = PBXFileSystemSynchronizedRootGroup;
			path = FetchIOSTests;
			sourceTree = "<group>";
		};
		CB4E006E2CC1C606008DC8D5 /* FetchIOSUITests */ = {
			isa = PBXFileSystemSynchronizedRootGroup;
			path = FetchIOSUITests;
			sourceTree = "<group>";
		};
/* End PBXFileSystemSynchronizedRootGroup section */

/* Begin PBXFrameworksBuildPhase section */
		CB4E004E2CC1C604008DC8D5 /* Frameworks */ = {
			isa = PBXFrameworksBuildPhase;
			buildActionMask = 2147483647;
			files = (
			);
			runOnlyForDeploymentPostprocessing = 0;
		};
		CB4E005E2CC1C606008DC8D5 /* Frameworks */ = {
			isa = PBXFrameworksBuildPhase;
			buildActionMask = 2147483647;
			files = (
			);
			runOnlyForDeploymentPostprocessing = 0;
		};
		CB4E00682CC1C606008DC8D5 /* Frameworks */ = {
			isa = PBXFrameworksBuildPhase;
			buildActionMask = 2147483647;
			files = (
			);
			runOnlyForDeploymentPostprocessing = 0;
		};
/* End PBXFrameworksBuildPhase section */

/* Begin PBXGroup section */
		CB4E00482CC1C604008DC8D5 = {
			isa = PBXGroup;
			children = (
				CB4E00532CC1C604008DC8D5 /* FetchIOS */,
				CB4E00642CC1C606008DC8D5 /* FetchIOSTests */,
				CB4E006E2CC1C606008DC8D5 /* FetchIOSUITests */,
				CB4E00522CC1C604008DC8D5 /* Products */,
			);
			sourceTree = "<group>";
		};
		CB4E00522CC1C604008DC8D5 /* Products */ = {
			isa = PBXGroup;
			children = (
				CB4E00512CC1C604008DC8D5 /* FetchIOS.app */,
				CB4E00612CC1C606008DC8D5 /* FetchIOSTests.xctest */,
				CB4E006B2CC1C606008DC8D5 /* FetchIOSUITests.xctest */,
			);
			name = Products;
			sourceTree = "<group>";
		};
/* End PBXGroup section */

/* Begin PBXNativeTarget section */
		CB4E00502CC1C604008DC8D5 /* FetchIOS */ = {
			isa = PBXNativeTarget;
			buildConfigurationList = CB4E00752CC1C606008DC8D5 /* Build configuration list for PBXNativeTarget "FetchIOS" */;
			buildPhases = (
				CB4E004D2CC1C604008DC8D5 /* Sources */,
				CB4E004E2CC1C604008DC8D5 /* Frameworks */,
				CB4E004F2CC1C604008DC8D5 /* Resources */,
			);
			buildRules = (
			);
			dependencies = (
			);
			fileSystemSynchronizedGroups = (
				CB4E00532CC1C604008DC8D5 /* FetchIOS */,
			);
			name = FetchIOS;
			packageProductDependencies = (
			);
			productName = FetchIOS;
			productReference = CB4E00512CC1C604008DC8D5 /* FetchIOS.app */;
			productType = "com.apple.product-type.application";
		};
		CB4E00602CC1C606008DC8D5 /* FetchIOSTests */ = {
			isa = PBXNativeTarget;
			buildConfigurationList = CB4E00782CC1C606008DC8D5 /* Build configuration list for PBXNativeTarget "FetchIOSTests" */;
			buildPhases = (
				CB4E005D2CC1C606008DC8D5 /* Sources */,
				CB4E005E2CC1C606008DC8D5 /* Frameworks */,
				CB4E005F2CC1C606008DC8D5 /* Resources */,
			);
			buildRules = (
			);
			dependencies = (
				CB4E00632CC1C606008DC8D5 /* PBXTargetDependency */,
			);
			fileSystemSynchronizedGroups = (
				CB4E00642CC1C606008DC8D5 /* FetchIOSTests */,
			);
			name = FetchIOSTests;
			packageProductDependencies = (
			);
			productName = FetchIOSTests;
			productReference = CB4E00612CC1C606008DC8D5 /* FetchIOSTests.xctest */;
			productType = "com.apple.product-type.bundle.unit-test";
		};
		CB4E006A2CC1C606008DC8D5 /* FetchIOSUITests */ = {
			isa = PBXNativeTarget;
			buildConfigurationList = CB4E007B2CC1C606008DC8D5 /* Build configuration list for PBXNativeTarget "FetchIOSUITests" */;
			buildPhases = (
				CB4E00672CC1C606008DC8D5 /* Sources */,
				CB4E00682CC1C606008DC8D5 /* Frameworks */,
				CB4E00692CC1C606008DC8D5 /* Resources */,
			);
			buildRules = (
			);
			dependencies = (
				CB4E006D2CC1C606008DC8D5 /* PBXTargetDependency */,
			);
			fileSystemSynchronizedGroups = (
				CB4E006E2CC1C606008DC8D5 /* FetchIOSUITests */,
			);
			name = FetchIOSUITests;
			packageProductDependencies = (
			);
			productName = FetchIOSUITests;
			productReference = CB4E006B2CC1C606008DC8D5 /* FetchIOSUITests.xctest */;
			productType = "com.apple.product-type.bundle.ui-testing";
		};
/* End PBXNativeTarget section */

/* Begin PBXProject section */
		CB4E00492CC1C604008DC8D5 /* Project object */ = {
			isa = PBXProject;
			attributes = {
				BuildIndependentTargetsInParallel = 1;
				LastSwiftUpdateCheck = 1600;
				LastUpgradeCheck = 1600;
				TargetAttributes = {
					CB4E00502CC1C604008DC8D5 = {
						CreatedOnToolsVersion = 16.0;
					};
					CB4E00602CC1C606008DC8D5 = {
						CreatedOnToolsVersion = 16.0;
						TestTargetID = CB4E00502CC1C604008DC8D5;
					};
					CB4E006A2CC1C606008DC8D5 = {
						CreatedOnToolsVersion = 16.0;
						TestTargetID = CB4E00502CC1C604008DC8D5;
					};
				};
			};
			buildConfigurationList = CB4E004C2CC1C604008DC8D5 /* Build configuration list for PBXProject "FetchIOS" */;
			developmentRegion = en;
			hasScannedForEncodings = 0;
			knownRegions = (
				en,
				Base,
			);
			mainGroup = CB4E00482CC1C604008DC8D5;
			minimizedProjectReferenceProxies = 1;
			preferredProjectObjectVersion = 77;
			productRefGroup = CB4E00522CC1C604008DC8D5 /* Products */;
			projectDirPath = "";
			projectRoot = "";
			targets = (
				CB4E00502CC1C604008DC8D5 /* FetchIOS */,
				CB4E00602CC1C606008DC8D5 /* FetchIOSTests */,
				CB4E006A2CC1C606008DC8D5 /* FetchIOSUITests */,
			);
		};
/* End PBXProject section */

/* Begin PBXResourcesBuildPhase section */
		CB4E004F2CC1C604008DC8D5 /* Resources */ = {
			isa = PBXResourcesBuildPhase;
			buildActionMask = 2147483647;
			files = (
			);
			runOnlyForDeploymentPostprocessing = 0;
		};
		CB4E005F2CC1C606008DC8D5 /* Resources */ = {
			isa = PBXResourcesBuildPhase;
			buildActionMask = 2147483647;
			files = (
			);
			runOnlyForDeploymentPostprocessing = 0;
		};
		CB4E00692CC1C606008DC8D5 /* Resources */ = {
			isa = PBXResourcesBuildPhase;
			buildActionMask = 2147483647;
			files = (
			);
			runOnlyForDeploymentPostprocessing = 0;
		};
/* End PBXResourcesBuildPhase section */

/* Begin PBXSourcesBuildPhase section */
		CB4E004D2CC1C604008DC8D5 /* Sources */ = {
			isa = PBXSourcesBuildPhase;
			buildActionMask = 2147483647;
			files = (
			);
			runOnlyForDeploymentPostprocessing = 0;
		};
		CB4E005D2CC1C606008DC8D5 /* Sources */ = {
			isa = PBXSourcesBuildPhase;
			buildActionMask = 2147483647;
			files = (
			);
			runOnlyForDeploymentPostprocessing = 0;
		};
		CB4E00672CC1C606008DC8D5 /* Sources */ = {
			isa = PBXSourcesBuildPhase;
			buildActionMask = 2147483647;
			files = (
			);
			runOnlyForDeploymentPostprocessing = 0;
		};
/* End PBXSourcesBuildPhase section */

/* Begin PBXTargetDependency section */
		CB4E00632CC1C606008DC8D5 /* PBXTargetDependency */ = {
			isa = PBXTargetDependency;
			target = CB4E00502CC1C604008DC8D5 /* FetchIOS */;
			targetProxy = CB4E00622CC1C606008DC8D5 /* PBXContainerItemProxy */;
		};
		CB4E006D2CC1C606008DC8D5 /* PBXTargetDependency */ = {
			isa = PBXTargetDependency;
			target = CB4E00502CC1C604008DC8D5 /* FetchIOS */;
			targetProxy = CB4E006C2CC1C606008DC8D5 /* PBXContainerItemProxy */;
		};
/* End PBXTargetDependency section */

/* Begin XCBuildConfiguration section */
		CB4E00732CC1C606008DC8D5 /* Debug */ = {
			isa = XCBuildConfiguration;
			buildSettings = {
				ALWAYS_SEARCH_USER_PATHS = NO;
				ASSETCATALOG_COMPILER_GENERATE_SWIFT_ASSET_SYMBOL_EXTENSIONS = YES;
				CLANG_ANALYZER_NONNULL = YES;
				CLANG_ANALYZER_NUMBER_OBJECT_CONVERSION = YES_AGGRESSIVE;
				CLANG_CXX_LANGUAGE_STANDARD = "gnu++20";
				CLANG_ENABLE_MODULES = YES;
				CLANG_ENABLE_OBJC_ARC = YES;
				CLANG_ENABLE_OBJC_WEAK = YES;
				CLANG_WARN_BLOCK_CAPTURE_AUTORELEASING = YES;
				CLANG_WARN_BOOL_CONVERSION = YES;
				CLANG_WARN_COMMA = YES;
				CLANG_WARN_CONSTANT_CONVERSION = YES;
				CLANG_WARN_DEPRECATED_OBJC_IMPLEMENTATIONS = YES;
				CLANG_WARN_DIRECT_OBJC_ISA_USAGE = YES_ERROR;
				CLANG_WARN_DOCUMENTATION_COMMENTS = YES;
				CLANG_WARN_EMPTY_BODY = YES;
				CLANG_WARN_ENUM_CONVERSION = YES;
				CLANG_WARN_INFINITE_RECURSION = YES;
				CLANG_WARN_INT_CONVERSION = YES;
				CLANG_WARN_NON_LITERAL_NULL_CONVERSION = YES;
				CLANG_WARN_OBJC_IMPLICIT_RETAIN_SELF = YES;
				CLANG_WARN_OBJC_LITERAL_CONVERSION = YES;
				CLANG_WARN_OBJC_ROOT_CLASS = YES_ERROR;
				CLANG_WARN_QUOTED_INCLUDE_IN_FRAMEWORK_HEADER = YES;
				CLANG_WARN_RANGE_LOOP_ANALYSIS = YES;
				CLANG_WARN_STRICT_PROTOTYPES = YES;
				CLANG_WARN_SUSPICIOUS_MOVE = YES;
				CLANG_WARN_UNGUARDED_AVAILABILITY = YES_AGGRESSIVE;
				CLANG_WARN_UNREACHABLE_CODE = YES;
				CLANG_WARN__DUPLICATE_METHOD_MATCH = YES;
				COPY_PHASE_STRIP = NO;
				DEBUG_INFORMATION_FORMAT = dwarf;
				ENABLE_STRICT_OBJC_MSGSEND = YES;
				ENABLE_TESTABILITY = YES;
				ENABLE_USER_SCRIPT_SANDBOXING = YES;
				GCC_C_LANGUAGE_STANDARD = gnu17;
				GCC_DYNAMIC_NO_PIC = NO;
				GCC_NO_COMMON_BLOCKS = YES;
				GCC_OPTIMIZATION_LEVEL = 0;
				GCC_PREPROCESSOR_DEFINITIONS = (
					"DEBUG=1",
					"$(inherited)",
				);
				GCC_WARN_64_TO_32_BIT_CONVERSION = YES;
				GCC_WARN_ABOUT_RETURN_TYPE = YES_ERROR;
				GCC_WARN_UNDECLARED_SELECTOR = YES;
				GCC_WARN_UNINITIALIZED_AUTOS = YES_AGGRESSIVE;
				GCC_WARN_UNUSED_FUNCTION = YES;
				GCC_WARN_UNUSED_VARIABLE = YES;
				IPHONEOS_DEPLOYMENT_TARGET = 18.0;
				LOCALIZATION_PREFERS_STRING_CATALOGS = YES;
				MTL_ENABLE_DEBUG_INFO = INCLUDE_SOURCE;
				MTL_FAST_MATH = YES;
				ONLY_ACTIVE_ARCH = YES;
				SDKROOT = iphoneos;
				SWIFT_ACTIVE_COMPILATION_CONDITIONS = "DEBUG $(inherited)";
				SWIFT_OPTIMIZATION_LEVEL = "-Onone";
			};
			name = Debug;
		};
		CB4E00742CC1C606008DC8D5 /* Release */ = {
			isa = XCBuildConfiguration;
			buildSettings = {
				ALWAYS_SEARCH_USER_PATHS = NO;
				ASSETCATALOG_COMPILER_GENERATE_SWIFT_ASSET_SYMBOL_EXTENSIONS = YES;
				CLANG_ANALYZER_NONNULL = YES;
				CLANG_ANALYZER_NUMBER_OBJECT_CONVERSION = YES_AGGRESSIVE;
				CLANG_CXX_LANGUAGE_STANDARD = "gnu++20";
				CLANG_ENABLE_MODULES = YES;
				CLANG_ENABLE_OBJC_ARC = YES;
				CLANG_ENABLE_OBJC_WEAK = YES;
				CLANG_WARN_BLOCK_CAPTURE_AUTORELEASING = YES;
				CLANG_WARN_BOOL_CONVERSION = YES;
				CLANG_WARN_COMMA = YES;
				CLANG_WARN_CONSTANT_CONVERSION = YES;
				CLANG_WARN_DEPRECATED_OBJC_IMPLEMENTATIONS = YES;
				CLANG_WARN_DIRECT_OBJC_ISA_USAGE = YES_ERROR;
				CLANG_WARN_DOCUMENTATION_COMMENTS = YES;
				CLANG_WARN_EMPTY_BODY = YES;
				CLANG_WARN_ENUM_CONVERSION = YES;
				CLANG_WARN_INFINITE_RECURSION = YES;
				CLANG_WARN_INT_CONVERSION = YES;
				CLANG_WARN_NON_LITERAL_NULL_CONVERSION = YES;
				CLANG_WARN_OBJC_IMPLICIT_RETAIN_SELF = YES;
				CLANG_WARN_OBJC_LITERAL_CONVERSION = YES;
				CLANG_WARN_OBJC_ROOT_CLASS = YES_ERROR;
				CLANG_WARN_QUOTED_INCLUDE_IN_FRAMEWORK_HEADER = YES;
				CLANG_WARN_RANGE_LOOP_ANALYSIS = YES;
				CLANG_WARN_STRICT_PROTOTYPES = YES;
				CLANG_WARN_SUSPICIOUS_MOVE = YES;
				CLANG_WARN_UNGUARDED_AVAILABILITY = YES_AGGRESSIVE;
				CLANG_WARN_UNREACHABLE_CODE = YES;
				CLANG_WARN__DUPLICATE_METHOD_MATCH = YES;
				COPY_PHASE_STRIP = NO;
				DEBUG_INFORMATION_FORMAT = "dwarf-with-dsym";
				ENABLE_NS_ASSERTIONS = NO;
				ENABLE_STRICT_OBJC_MSGSEND = YES;
				ENABLE_USER_SCRIPT_SANDBOXING = YES;
				GCC_C_LANGUAGE_STANDARD = gnu17;
				GCC_NO_COMMON_BLOCKS = YES;
				GCC_WARN_64_TO_32_BIT_CONVERSION = YES;
				GCC_WARN_ABOUT_RETURN_TYPE = YES_ERROR;
				GCC_WARN_UNDECLARED_SELECTOR = YES;
				GCC_WARN_UNINITIALIZED_AUTOS = YES_AGGRESSIVE;
				GCC_WARN_UNUSED_FUNCTION = YES;
				GCC_WARN_UNUSED_VARIABLE = YES;
				IPHONEOS_DEPLOYMENT_TARGET = 18.0;
				LOCALIZATION_PREFERS_STRING_CATALOGS = YES;
				MTL_ENABLE_DEBUG_INFO = NO;
				MTL_FAST_MATH = YES;
				SDKROOT = iphoneos;
				SWIFT_COMPILATION_MODE = wholemodule;
				VALIDATE_PRODUCT = YES;
			};
			name = Release;
		};
		CB4E00762CC1C606008DC8D5 /* Debug */ = {
			isa = XCBuildConfiguration;
			buildSettings = {
				ASSETCATALOG_COMPILER_APPICON_NAME = AppIcon;
				ASSETCATALOG_COMPILER_GLOBAL_ACCENT_COLOR_NAME = AccentColor;
				CODE_SIGN_STYLE = Automatic;
				CURRENT_PROJECT_VERSION = 1;
				DEVELOPMENT_ASSET_PATHS = "\"FetchIOS/Preview Content\"";
				DEVELOPMENT_TEAM = V2TANUU79V;
				ENABLE_PREVIEWS = YES;
				GENERATE_INFOPLIST_FILE = YES;
				INFOPLIST_KEY_UIApplicationSceneManifest_Generation = YES;
				INFOPLIST_KEY_UIApplicationSupportsIndirectInputEvents = YES;
				INFOPLIST_KEY_UILaunchScreen_Generation = YES;
				INFOPLIST_KEY_UISupportedInterfaceOrientations_iPad = "UIInterfaceOrientationPortrait UIInterfaceOrientationPortraitUpsideDown UIInterfaceOrientationLandscapeLeft UIInterfaceOrientationLandscapeRight";
				INFOPLIST_KEY_UISupportedInterfaceOrientations_iPhone = "UIInterfaceOrientationPortrait UIInterfaceOrientationLandscapeLeft UIInterfaceOrientationLandscapeRight";
				LD_RUNPATH_SEARCH_PATHS = (
					"$(inherited)",
					"@executable_path/Frameworks",
				);
				MARKETING_VERSION = 1.0;
				PRODUCT_BUNDLE_IDENTIFIER = B.FetchIOS;
				PRODUCT_NAME = "$(TARGET_NAME)";
				SWIFT_EMIT_LOC_STRINGS = YES;
				SWIFT_VERSION = 5.0;
				TARGETED_DEVICE_FAMILY = "1,2";
			};
			name = Debug;
		};
		CB4E00772CC1C606008DC8D5 /* Release */ = {
			isa = XCBuildConfiguration;
			buildSettings = {
				ASSETCATALOG_COMPILER_APPICON_NAME = AppIcon;
				ASSETCATALOG_COMPILER_GLOBAL_ACCENT_COLOR_NAME = AccentColor;
				CODE_SIGN_STYLE = Automatic;
				CURRENT_PROJECT_VERSION = 1;
				DEVELOPMENT_ASSET_PATHS = "\"FetchIOS/Preview Content\"";
				DEVELOPMENT_TEAM = V2TANUU79V;
				ENABLE_PREVIEWS = YES;
				GENERATE_INFOPLIST_FILE = YES;
				INFOPLIST_KEY_UIApplicationSceneManifest_Generation = YES;
				INFOPLIST_KEY_UIApplicationSupportsIndirectInputEvents = YES;
				INFOPLIST_KEY_UILaunchScreen_Generation = YES;
				INFOPLIST_KEY_UISupportedInterfaceOrientations_iPad = "UIInterfaceOrientationPortrait UIInterfaceOrientationPortraitUpsideDown UIInterfaceOrientationLandscapeLeft UIInterfaceOrientationLandscapeRight";
				INFOPLIST_KEY_UISupportedInterfaceOrientations_iPhone = "UIInterfaceOrientationPortrait UIInterfaceOrientationLandscapeLeft UIInterfaceOrientationLandscapeRight";
				LD_RUNPATH_SEARCH_PATHS = (
					"$(inherited)",
					"@executable_path/Frameworks",
				);
				MARKETING_VERSION = 1.0;
				PRODUCT_BUNDLE_IDENTIFIER = B.FetchIOS;
				PRODUCT_NAME = "$(TARGET_NAME)";
				SWIFT_EMIT_LOC_STRINGS = YES;
				SWIFT_VERSION = 5.0;
				TARGETED_DEVICE_FAMILY = "1,2";
			};
			name = Release;
		};
		CB4E00792CC1C606008DC8D5 /* Debug */ = {
			isa = XCBuildConfiguration;
			buildSettings = {
				BUNDLE_LOADER = "$(TEST_HOST)";
				CODE_SIGN_STYLE = Automatic;
				CURRENT_PROJECT_VERSION = 1;
				DEVELOPMENT_TEAM = V2TANUU79V;
				GENERATE_INFOPLIST_FILE = YES;
				IPHONEOS_DEPLOYMENT_TARGET = 18.0;
				MARKETING_VERSION = 1.0;
				PRODUCT_BUNDLE_IDENTIFIER = B.FetchIOSTests;
				PRODUCT_NAME = "$(TARGET_NAME)";
				SWIFT_EMIT_LOC_STRINGS = NO;
				SWIFT_VERSION = 5.0;
				TARGETED_DEVICE_FAMILY = "1,2";
				TEST_HOST = "$(BUILT_PRODUCTS_DIR)/FetchIOS.app/$(BUNDLE_EXECUTABLE_FOLDER_PATH)/FetchIOS";
			};
			name = Debug;
		};
		CB4E007A2CC1C606008DC8D5 /* Release */ = {
			isa = XCBuildConfiguration;
			buildSettings = {
				BUNDLE_LOADER = "$(TEST_HOST)";
				CODE_SIGN_STYLE = Automatic;
				CURRENT_PROJECT_VERSION = 1;
				DEVELOPMENT_TEAM = V2TANUU79V;
				GENERATE_INFOPLIST_FILE = YES;
				IPHONEOS_DEPLOYMENT_TARGET = 18.0;
				MARKETING_VERSION = 1.0;
				PRODUCT_BUNDLE_IDENTIFIER = B.FetchIOSTests;
				PRODUCT_NAME = "$(TARGET_NAME)";
				SWIFT_EMIT_LOC_STRINGS = NO;
				SWIFT_VERSION = 5.0;
				TARGETED_DEVICE_FAMILY = "1,2";
				TEST_HOST = "$(BUILT_PRODUCTS_DIR)/FetchIOS.app/$(BUNDLE_EXECUTABLE_FOLDER_PATH)/FetchIOS";
			};
			name = Release;
		};
		CB4E007C2CC1C606008DC8D5 /* Debug */ = {
			isa = XCBuildConfiguration;
			buildSettings = {
				CODE_SIGN_STYLE = Automatic;
				CURRENT_PROJECT_VERSION = 1;
				DEVELOPMENT_TEAM = V2TANUU79V;
				GENERATE_INFOPLIST_FILE = YES;
				MARKETING_VERSION = 1.0;
				PRODUCT_BUNDLE_IDENTIFIER = B.FetchIOSUITests;
				PRODUCT_NAME = "$(TARGET_NAME)";
				SWIFT_EMIT_LOC_STRINGS = NO;
				SWIFT_VERSION = 5.0;
				TARGETED_DEVICE_FAMILY = "1,2";
				TEST_TARGET_NAME = FetchIOS;
			};
			name = Debug;
		};
		CB4E007D2CC1C606008DC8D5 /* Release */ = {
			isa = XCBuildConfiguration;
			buildSettings = {
				CODE_SIGN_STYLE = Automatic;
				CURRENT_PROJECT_VERSION = 1;
				DEVELOPMENT_TEAM = V2TANUU79V;
				GENERATE_INFOPLIST_FILE = YES;
				MARKETING_VERSION = 1.0;
				PRODUCT_BUNDLE_IDENTIFIER = B.FetchIOSUITests;
				PRODUCT_NAME = "$(TARGET_NAME)";
				SWIFT_EMIT_LOC_STRINGS = NO;
				SWIFT_VERSION = 5.0;
				TARGETED_DEVICE_FAMILY = "1,2";
				TEST_TARGET_NAME = FetchIOS;
			};
			name = Release;
		};
/* End XCBuildConfiguration section */

/* Begin XCConfigurationList section */
		CB4E004C2CC1C604008DC8D5 /* Build configuration list for PBXProject "FetchIOS" */ = {
			isa = XCConfigurationList;
			buildConfigurations = (
				CB4E00732CC1C606008DC8D5 /* Debug */,
				CB4E00742CC1C606008DC8D5 /* Release */,
			);
			defaultConfigurationIsVisible = 0;
			defaultConfigurationName = Release;
		};
		CB4E00752CC1C606008DC8D5 /* Build configuration list for PBXNativeTarget "FetchIOS" */ = {
			isa = XCConfigurationList;
			buildConfigurations = (
				CB4E00762CC1C606008DC8D5 /* Debug */,
				CB4E00772CC1C606008DC8D5 /* Release */,
			);
			defaultConfigurationIsVisible = 0;
			defaultConfigurationName = Release;
		};
		CB4E00782CC1C606008DC8D5 /* Build configuration list for PBXNativeTarget "FetchIOSTests" */ = {
			isa = XCConfigurationList;
			buildConfigurations = (
				CB4E00792CC1C606008DC8D5 /* Debug */,
				CB4E007A2CC1C606008DC8D5 /* Release */,
			);
			defaultConfigurationIsVisible = 0;
			defaultConfigurationName = Release;
		};
		CB4E007B2CC1C606008DC8D5 /* Build configuration list for PBXNativeTarget "FetchIOSUITests" */ = {
			isa = XCConfigurationList;
			buildConfigurations = (
				CB4E007C2CC1C606008DC8D5 /* Debug */,
				CB4E007D2CC1C606008DC8D5 /* Release */,
			);
			defaultConfigurationIsVisible = 0;
			defaultConfigurationName = Release;
		};
/* End XCConfigurationList section */
	};
	rootObject = CB4E00492CC1C604008DC8D5 /* Project object */;
}
